
Microsoft Visual Studio Solution File, Format Version 12.00
# Visual Studio Version 17
VisualStudioVersion = 17.10.34928.147
MinimumVisualStudioVersion = 10.0.40219.1
Project("{FAE04EC0-301F-11D3-BF4B-00C04F79EFBC}") = "RecipeWPFApp", "RecipeWPFApp\RecipeWPFApp.csproj", "{70A7EFB7-5E82-43B5-8D7B-3D9602EE32DA}"
EndProject
Global
	GlobalSection(SolutionConfigurationPlatforms) = preSolution
		Debug|Any CPU = Debug|Any CPU
		Release|Any CPU = Release|Any CPU
	EndGlobalSection
	GlobalSection(ProjectConfigurationPlatforms) = postSolution
		{70A7EFB7-5E82-43B5-8D7B-3D9602EE32DA}.Debug|Any CPU.ActiveCfg = Debug|Any CPU
		{70A7EFB7-5E82-43B5-8D7B-3D9602EE32DA}.Debug|Any CPU.Build.0 = Debug|Any CPU
		{70A7EFB7-5E82-43B5-8D7B-3D9602EE32DA}.Release|Any CPU.ActiveCfg = Release|Any CPU
		{70A7EFB7-5E82-43B5-8D7B-3D9602EE32DA}.Release|Any CPU.Build.0 = Release|Any CPU
	EndGlobalSection
	GlobalSection(SolutionProperties) = preSolution
		HideSolutionNode = FALSE
	EndGlobalSection
	GlobalSection(ExtensibilityGlobals) = postSolution
		SolutionGuid = {2F0384AC-B75D-42DC-9553-AAA03E522110}
	EndGlobalSection
EndGlobal
